
Microsoft Visual Studio Solution File, Format Version 12.00
Project("{FAE04EC0-301F-11D3-BF4B-00C04F79EFBC}") = "pr4-6", "pr4-6\pr4-6.csproj", "{F3F7663B-B011-48B3-9605-D1846DC8B309}"
EndProject
Project("{FAE04EC0-301F-11D3-BF4B-00C04F79EFBC}") = "RKIS_PR4", "RKIS_PR4\RKIS_PR4.csproj", "{409784F6-5E1E-4E73-A45F-7E0FA7D0E597}"
EndProject
Project("{FAE04EC0-301F-11D3-BF4B-00C04F79EFBC}") = "pr4-2", "pr4-2\pr4-2.csproj", "{0310DBAE-8D64-4E17-992F-B0061032DFE1}"
EndProject
Project("{FAE04EC0-301F-11D3-BF4B-00C04F79EFBC}") = "pr4-3", "pr4-3\pr4-3.csproj", "{22F2213A-1957-4AB7-A0AF-4F3FE0C72EFC}"
EndProject
Project("{FAE04EC0-301F-11D3-BF4B-00C04F79EFBC}") = "pr4-4", "pr4-4\pr4-4.csproj", "{C9F0C971-5A3B-43F9-866C-2F9810EAE503}"
EndProject
Project("{FAE04EC0-301F-11D3-BF4B-00C04F79EFBC}") = "pr4-5", "pr4-5\pr4-5.csproj", "{D03A6F37-7A26-4DAF-A1C2-0B33D9257A60}"
EndProject
Global
	GlobalSection(SolutionConfigurationPlatforms) = preSolution
		Debug|Any CPU = Debug|Any CPU
		Release|Any CPU = Release|Any CPU
	EndGlobalSection
	GlobalSection(ProjectConfigurationPlatforms) = postSolution
		{F3F7663B-B011-48B3-9605-D1846DC8B309}.Debug|Any CPU.ActiveCfg = Debug|Any CPU
		{F3F7663B-B011-48B3-9605-D1846DC8B309}.Debug|Any CPU.Build.0 = Debug|Any CPU
		{F3F7663B-B011-48B3-9605-D1846DC8B309}.Release|Any CPU.ActiveCfg = Release|Any CPU
		{F3F7663B-B011-48B3-9605-D1846DC8B309}.Release|Any CPU.Build.0 = Release|Any CPU
		{409784F6-5E1E-4E73-A45F-7E0FA7D0E597}.Debug|Any CPU.ActiveCfg = Debug|Any CPU
		{409784F6-5E1E-4E73-A45F-7E0FA7D0E597}.Debug|Any CPU.Build.0 = Debug|Any CPU
		{409784F6-5E1E-4E73-A45F-7E0FA7D0E597}.Release|Any CPU.ActiveCfg = Release|Any CPU
		{409784F6-5E1E-4E73-A45F-7E0FA7D0E597}.Release|Any CPU.Build.0 = Release|Any CPU
		{0310DBAE-8D64-4E17-992F-B0061032DFE1}.Debug|Any CPU.ActiveCfg = Debug|Any CPU
		{0310DBAE-8D64-4E17-992F-B0061032DFE1}.Debug|Any CPU.Build.0 = Debug|Any CPU
		{0310DBAE-8D64-4E17-992F-B0061032DFE1}.Release|Any CPU.ActiveCfg = Release|Any CPU
		{0310DBAE-8D64-4E17-992F-B0061032DFE1}.Release|Any CPU.Build.0 = Release|Any CPU
		{22F2213A-1957-4AB7-A0AF-4F3FE0C72EFC}.Debug|Any CPU.ActiveCfg = Debug|Any CPU
		{22F2213A-1957-4AB7-A0AF-4F3FE0C72EFC}.Debug|Any CPU.Build.0 = Debug|Any CPU
		{22F2213A-1957-4AB7-A0AF-4F3FE0C72EFC}.Release|Any CPU.ActiveCfg = Release|Any CPU
		{22F2213A-1957-4AB7-A0AF-4F3FE0C72EFC}.Release|Any CPU.Build.0 = Release|Any CPU
		{C9F0C971-5A3B-43F9-866C-2F9810EAE503}.Debug|Any CPU.ActiveCfg = Debug|Any CPU
		{C9F0C971-5A3B-43F9-866C-2F9810EAE503}.Debug|Any CPU.Build.0 = Debug|Any CPU
		{C9F0C971-5A3B-43F9-866C-2F9810EAE503}.Release|Any CPU.ActiveCfg = Release|Any CPU
		{C9F0C971-5A3B-43F9-866C-2F9810EAE503}.Release|Any CPU.Build.0 = Release|Any CPU
		{D03A6F37-7A26-4DAF-A1C2-0B33D9257A60}.Debug|Any CPU.ActiveCfg = Debug|Any CPU
		{D03A6F37-7A26-4DAF-A1C2-0B33D9257A60}.Debug|Any CPU.Build.0 = Debug|Any CPU
		{D03A6F37-7A26-4DAF-A1C2-0B33D9257A60}.Release|Any CPU.ActiveCfg = Release|Any CPU
		{D03A6F37-7A26-4DAF-A1C2-0B33D9257A60}.Release|Any CPU.Build.0 = Release|Any CPU
	EndGlobalSection
EndGlobal
